
Microsoft Visual Studio Solution File, Format Version 12.00
Project("{FAE04EC0-301F-11D3-BF4B-00C04F79EFBC}") = "RuneRebirth2005", "RuneRebirth2005\RuneRebirth2005.csproj", "{C2410D7C-967C-4973-AB7A-2CF10FC0690E}"
EndProject
Global
	GlobalSection(SolutionConfigurationPlatforms) = preSolution
		Debug|Any CPU = Debug|Any CPU
		Release|Any CPU = Release|Any CPU
	EndGlobalSection
	GlobalSection(ProjectConfigurationPlatforms) = postSolution
		{C2410D7C-967C-4973-AB7A-2CF10FC0690E}.Debug|Any CPU.ActiveCfg = Debug|Any CPU
		{C2410D7C-967C-4973-AB7A-2CF10FC0690E}.Debug|Any CPU.Build.0 = Debug|Any CPU
		{C2410D7C-967C-4973-AB7A-2CF10FC0690E}.Release|Any CPU.ActiveCfg = Release|Any CPU
		{C2410D7C-967C-4973-AB7A-2CF10FC0690E}.Release|Any CPU.Build.0 = Release|Any CPU
	EndGlobalSection
EndGlobal
